
Microsoft Visual Studio Solution File, Format Version 12.00
# Visual Studio Version 17
VisualStudioVersion = 17.4.33213.308
MinimumVisualStudioVersion = 10.0.40219.1
Project("{9A19103F-16F7-4668-BE54-9A1E7A4F7556}") = "MovieBrowser", "MovieBrowser.csproj", "{05A59850-01CB-4D02-A6E8-5CA3B867F03E}"
EndProject
Project("{9A19103F-16F7-4668-BE54-9A1E7A4F7556}") = "Threading", "..\Threading\Threading.csproj", "{6965BA90-F6C8-4A5E-8466-5E964C94E2C6}"
EndProject
Global
	GlobalSection(SolutionConfigurationPlatforms) = preSolution
		Debug|Any CPU = Debug|Any CPU
		Release|Any CPU = Release|Any CPU
	EndGlobalSection
	GlobalSection(ProjectConfigurationPlatforms) = postSolution
		{05A59850-01CB-4D02-A6E8-5CA3B867F03E}.Debug|Any CPU.ActiveCfg = Debug|Any CPU
		{05A59850-01CB-4D02-A6E8-5CA3B867F03E}.Debug|Any CPU.Build.0 = Debug|Any CPU
		{05A59850-01CB-4D02-A6E8-5CA3B867F03E}.Release|Any CPU.ActiveCfg = Release|Any CPU
		{05A59850-01CB-4D02-A6E8-5CA3B867F03E}.Release|Any CPU.Build.0 = Release|Any CPU
		{6965BA90-F6C8-4A5E-8466-5E964C94E2C6}.Debug|Any CPU.ActiveCfg = Debug|Any CPU
		{6965BA90-F6C8-4A5E-8466-5E964C94E2C6}.Debug|Any CPU.Build.0 = Debug|Any CPU
		{6965BA90-F6C8-4A5E-8466-5E964C94E2C6}.Release|Any CPU.ActiveCfg = Release|Any CPU
		{6965BA90-F6C8-4A5E-8466-5E964C94E2C6}.Release|Any CPU.Build.0 = Release|Any CPU
	EndGlobalSection
	GlobalSection(SolutionProperties) = preSolution
		HideSolutionNode = FALSE
	EndGlobalSection
	GlobalSection(ExtensibilityGlobals) = postSolution
		SolutionGuid = {1614F01E-37D6-479B-8777-8A828D170D5B}
	EndGlobalSection
EndGlobal
